
Microsoft Visual Studio Solution File, Format Version 12.00
# Visual Studio Version 17
VisualStudioVersion = 17.14.36310.24 d17.14
MinimumVisualStudioVersion = 10.0.40219.1
Project("{FAE04EC0-301F-11D3-BF4B-00C04F79EFBC}") = "SnippetBox_API", "SnippetBox_API.csproj", "{11B9F2D1-63E0-45B4-A3BD-97568643FEFA}"
EndProject
Global
	GlobalSection(SolutionConfigurationPlatforms) = preSolution
		Debug|Any CPU = Debug|Any CPU
		Release|Any CPU = Release|Any CPU
	EndGlobalSection
	GlobalSection(ProjectConfigurationPlatforms) = postSolution
		{11B9F2D1-63E0-45B4-A3BD-97568643FEFA}.Debug|Any CPU.ActiveCfg = Debug|Any CPU
		{11B9F2D1-63E0-45B4-A3BD-97568643FEFA}.Debug|Any CPU.Build.0 = Debug|Any CPU
		{11B9F2D1-63E0-45B4-A3BD-97568643FEFA}.Release|Any CPU.ActiveCfg = Release|Any CPU
		{11B9F2D1-63E0-45B4-A3BD-97568643FEFA}.Release|Any CPU.Build.0 = Release|Any CPU
	EndGlobalSection
	GlobalSection(SolutionProperties) = preSolution
		HideSolutionNode = FALSE
	EndGlobalSection
	GlobalSection(ExtensibilityGlobals) = postSolution
		SolutionGuid = {33FD7BF2-701F-47D8-9964-193E82D39AE1}
	EndGlobalSection
EndGlobal
